// !$*UTF8*$!
{
	archiveVersion = 1;
	classes = {
	};
	objectVersion = 56;
	objects = {

/* Begin PBXBuildFile section */
		646F382F2B6E6F5D00AFA988 /* AppDelegate.swift in Sources */ = {isa = PBXBuildFile; fileRef = 646F382E2B6E6F5D00AFA988 /* AppDelegate.swift */; };
		646F38312B6E6F5D00AFA988 /* SceneDelegate.swift in Sources */ = {isa = PBXBuildFile; fileRef = 646F38302B6E6F5D00AFA988 /* SceneDelegate.swift */; };
		646F38332B6E6F5D00AFA988 /* ViewController.swift in Sources */ = {isa = PBXBuildFile; fileRef = 646F38322B6E6F5D00AFA988 /* ViewController.swift */; };
		646F38362B6E6F5D00AFA988 /* Main.storyboard in Resources */ = {isa = PBXBuildFile; fileRef = 646F38342B6E6F5D00AFA988 /* Main.storyboard */; };
		646F38392B6E6F5D00AFA988 /* ArtBookProject.xcdatamodeld in Sources */ = {isa = PBXBuildFile; fileRef = 646F38372B6E6F5D00AFA988 /* ArtBookProject.xcdatamodeld */; };
		646F383B2B6E6F5E00AFA988 /* Assets.xcassets in Resources */ = {isa = PBXBuildFile; fileRef = 646F383A2B6E6F5E00AFA988 /* Assets.xcassets */; };
		646F383E2B6E6F5E00AFA988 /* LaunchScreen.storyboard in Resources */ = {isa = PBXBuildFile; fileRef = 646F383C2B6E6F5E00AFA988 /* LaunchScreen.storyboard */; };
		646F38462B6E764D00AFA988 /* DetailsVC.swift in Sources */ = {isa = PBXBuildFile; fileRef = 646F38452B6E764D00AFA988 /* DetailsVC.swift */; };
/* End PBXBuildFile section */

/* Begin PBXFileReference section */
		646F382B2B6E6F5D00AFA988 /* ArtBookProject.app */ = {isa = PBXFileReference; explicitFileType = wrapper.application; includeInIndex = 0; path = ArtBookProject.app; sourceTree = BUILT_PRODUCTS_DIR; };
		646F382E2B6E6F5D00AFA988 /* AppDelegate.swift */ = {isa = PBXFileReference; lastKnownFileType = sourcecode.swift; path = AppDelegate.swift; sourceTree = "<group>"; };
		646F38302B6E6F5D00AFA988 /* SceneDelegate.swift */ = {isa = PBXFileReference; lastKnownFileType = sourcecode.swift; path = SceneDelegate.swift; sourceTree = "<group>"; };
		646F38322B6E6F5D00AFA988 /* ViewController.swift */ = {isa = PBXFileReference; lastKnownFileType = sourcecode.swift; path = ViewController.swift; sourceTree = "<group>"; };
		646F38352B6E6F5D00AFA988 /* Base */ = {isa = PBXFileReference; lastKnownFileType = file.storyboard; name = Base; path = Base.lproj/Main.storyboard; sourceTree = "<group>"; };
		646F38382B6E6F5D00AFA988 /* ArtBookProject.xcdatamodel */ = {isa = PBXFileReference; lastKnownFileType = wrapper.xcdatamodel; path = ArtBookProject.xcdatamodel; sourceTree = "<group>"; };
		646F383A2B6E6F5E00AFA988 /* Assets.xcassets */ = {isa = PBXFileReference; lastKnownFileType = folder.assetcatalog; path = Assets.xcassets; sourceTree = "<group>"; };
		646F383D2B6E6F5E00AFA988 /* Base */ = {isa = PBXFileReference; lastKnownFileType = file.storyboard; name = Base; path = Base.lproj/LaunchScreen.storyboard; sourceTree = "<group>"; };
		646F383F2B6E6F5E00AFA988 /* Info.plist */ = {isa = PBXFileReference; lastKnownFileType = text.plist.xml; path = Info.plist; sourceTree = "<group>"; };
		646F38452B6E764D00AFA988 /* DetailsVC.swift */ = {isa = PBXFileReference; lastKnownFileType = sourcecode.swift; path = DetailsVC.swift; sourceTree = "<group>"; };
/* End PBXFileReference section */

/* Begin PBXFrameworksBuildPhase section */
		646F38282B6E6F5D00AFA988 /* Frameworks */ = {
			isa = PBXFrameworksBuildPhase;
			buildActionMask = 2147483647;
			files = (
			);
			runOnlyForDeploymentPostprocessing = 0;
		};
/* End PBXFrameworksBuildPhase section */

/* Begin PBXGroup section */
		646F38222B6E6F5D00AFA988 = {
			isa = PBXGroup;
			children = (
				646F382D2B6E6F5D00AFA988 /* ArtBookProject */,
				646F382C2B6E6F5D00AFA988 /* Products */,
			);
			sourceTree = "<group>";
		};
		646F382C2B6E6F5D00AFA988 /* Products */ = {
			isa = PBXGroup;
			children = (
				646F382B2B6E6F5D00AFA988 /* ArtBookProject.app */,
			);
			name = Products;
			sourceTree = "<group>";
		};
		646F382D2B6E6F5D00AFA988 /* ArtBookProject */ = {
			isa = PBXGroup;
			children = (
				646F382E2B6E6F5D00AFA988 /* AppDelegate.swift */,
				646F38302B6E6F5D00AFA988 /* SceneDelegate.swift */,
				646F38322B6E6F5D00AFA988 /* ViewController.swift */,
				646F38452B6E764D00AFA988 /* DetailsVC.swift */,
				646F38342B6E6F5D00AFA988 /* Main.storyboard */,
				646F383A2B6E6F5E00AFA988 /* Assets.xcassets */,
				646F383C2B6E6F5E00AFA988 /* LaunchScreen.storyboard */,
				646F383F2B6E6F5E00AFA988 /* Info.plist */,
				646F38372B6E6F5D00AFA988 /* ArtBookProject.xcdatamodeld */,
			);
			path = ArtBookProject;
			sourceTree = "<group>";
		};
/* End PBXGroup section */

/* Begin PBXNativeTarget section */
		646F382A2B6E6F5D00AFA988 /* ArtBookProject */ = {
			isa = PBXNativeTarget;
			buildConfigurationList = 646F38422B6E6F5E00AFA988 /* Build configuration list for PBXNativeTarget "ArtBookProject" */;
			buildPhases = (
				646F38272B6E6F5D00AFA988 /* Sources */,
				646F38282B6E6F5D00AFA988 /* Frameworks */,
				646F38292B6E6F5D00AFA988 /* Resources */,
			);
			buildRules = (
			);
			dependencies = (
			);
			name = ArtBookProject;
			productName = ArtBookProject;
			productReference = 646F382B2B6E6F5D00AFA988 /* ArtBookProject.app */;
			productType = "com.apple.product-type.application";
		};
/* End PBXNativeTarget section */

/* Begin PBXProject section */
		646F38232B6E6F5D00AFA988 /* Project object */ = {
			isa = PBXProject;
			attributes = {
				BuildIndependentTargetsInParallel = 1;
				LastSwiftUpdateCheck = 1520;
				LastUpgradeCheck = 1520;
				TargetAttributes = {
					646F382A2B6E6F5D00AFA988 = {
						CreatedOnToolsVersion = 15.2;
					};
				};
			};
			buildConfigurationList = 646F38262B6E6F5D00AFA988 /* Build configuration list for PBXProject "ArtBookProject" */;
			compatibilityVersion = "Xcode 14.0";
			developmentRegion = en;
			hasScannedForEncodings = 0;
			knownRegions = (
				en,
				Base,
			);
			mainGroup = 646F38222B6E6F5D00AFA988;
			productRefGroup = 646F382C2B6E6F5D00AFA988 /* Products */;
			projectDirPath = "";
			projectRoot = "";
			targets = (
				646F382A2B6E6F5D00AFA988 /* ArtBookProject */,
			);
		};
/* End PBXProject section */

/* Begin PBXResourcesBuildPhase section */
		646F38292B6E6F5D00AFA988 /* Resources */ = {
			isa = PBXResourcesBuildPhase;
			buildActionMask = 2147483647;
			files = (
				646F383E2B6E6F5E00AFA988 /* LaunchScreen.storyboard in Resources */,
				646F383B2B6E6F5E00AFA988 /* Assets.xcassets in Resources */,
				646F38362B6E6F5D00AFA988 /* Main.storyboard in Resources */,
			);
			runOnlyForDeploymentPostprocessing = 0;
		};
/* End PBXResourcesBuildPhase section */

/* Begin PBXSourcesBuildPhase section */
		646F38272B6E6F5D00AFA988 /* Sources */ = {
			isa = PBXSourcesBuildPhase;
			buildActionMask = 2147483647;
			files = (
				646F38392B6E6F5D00AFA988 /* ArtBookProject.xcdatamodeld in Sources */,
				646F38332B6E6F5D00AFA988 /* ViewController.swift in Sources */,
				646F382F2B6E6F5D00AFA988 /* AppDelegate.swift in Sources */,
				646F38312B6E6F5D00AFA988 /* SceneDelegate.swift in Sources */,
				646F38462B6E764D00AFA988 /* DetailsVC.swift in Sources */,
			);
			runOnlyForDeploymentPostprocessing = 0;
		};
/* End PBXSourcesBuildPhase section */

/* Begin PBXVariantGroup section */
		646F38342B6E6F5D00AFA988 /* Main.storyboard */ = {
			isa = PBXVariantGroup;
			children = (
				646F38352B6E6F5D00AFA988 /* Base */,
			);
			name = Main.storyboard;
			sourceTree = "<group>";
		};
		646F383C2B6E6F5E00AFA988 /* LaunchScreen.storyboard */ = {
			isa = PBXVariantGroup;
			children = (
				646F383D2B6E6F5E00AFA988 /* Base */,
			);
			name = LaunchScreen.storyboard;
			sourceTree = "<group>";
		};
/* End PBXVariantGroup section */

/* Begin XCBuildConfiguration section */
		646F38402B6E6F5E00AFA988 /* Debug */ = {
			isa = XCBuildConfiguration;
			buildSettings = {
				ALWAYS_SEARCH_USER_PATHS = NO;
				ASSETCATALOG_COMPILER_GENERATE_SWIFT_ASSET_SYMBOL_EXTENSIONS = YES;
				CLANG_ANALYZER_NONNULL = YES;
				CLANG_ANALYZER_NUMBER_OBJECT_CONVERSION = YES_AGGRESSIVE;
				CLANG_CXX_LANGUAGE_STANDARD = "gnu++20";
				CLANG_ENABLE_MODULES = YES;
				CLANG_ENABLE_OBJC_ARC = YES;
				CLANG_ENABLE_OBJC_WEAK = YES;
				CLANG_WARN_BLOCK_CAPTURE_AUTORELEASING = YES;
				CLANG_WARN_BOOL_CONVERSION = YES;
				CLANG_WARN_COMMA = YES;
				CLANG_WARN_CONSTANT_CONVERSION = YES;
				CLANG_WARN_DEPRECATED_OBJC_IMPLEMENTATIONS = YES;
				CLANG_WARN_DIRECT_OBJC_ISA_USAGE = YES_ERROR;
				CLANG_WARN_DOCUMENTATION_COMMENTS = YES;
				CLANG_WARN_EMPTY_BODY = YES;
				CLANG_WARN_ENUM_CONVERSION = YES;
				CLANG_WARN_INFINITE_RECURSION = YES;
				CLANG_WARN_INT_CONVERSION = YES;
				CLANG_WARN_NON_LITERAL_NULL_CONVERSION = YES;
				CLANG_WARN_OBJC_IMPLICIT_RETAIN_SELF = YES;
				CLANG_WARN_OBJC_LITERAL_CONVERSION = YES;
				CLANG_WARN_OBJC_ROOT_CLASS = YES_ERROR;
				CLANG_WARN_QUOTED_INCLUDE_IN_FRAMEWORK_HEADER = YES;
				CLANG_WARN_RANGE_LOOP_ANALYSIS = YES;
				CLANG_WARN_STRICT_PROTOTYPES = YES;
				CLANG_WARN_SUSPICIOUS_MOVE = YES;
				CLANG_WARN_UNGUARDED_AVAILABILITY = YES_AGGRESSIVE;
				CLANG_WARN_UNREACHABLE_CODE = YES;
				CLANG_WARN__DUPLICATE_METHOD_MATCH = YES;
				COPY_PHASE_STRIP = NO;
				DEBUG_INFORMATION_FORMAT = dwarf;
				ENABLE_STRICT_OBJC_MSGSEND = YES;
				ENABLE_TESTABILITY = YES;
				ENABLE_USER_SCRIPT_SANDBOXING = YES;
				GCC_C_LANGUAGE_STANDARD = gnu17;
				GCC_DYNAMIC_NO_PIC = NO;
				GCC_NO_COMMON_BLOCKS = YES;
				GCC_OPTIMIZATION_LEVEL = 0;
				GCC_PREPROCESSOR_DEFINITIONS = (
					"DEBUG=1",
					"$(inherited)",
				);
				GCC_WARN_64_TO_32_BIT_CONVERSION = YES;
				GCC_WARN_ABOUT_RETURN_TYPE = YES_ERROR;
				GCC_WARN_UNDECLARED_SELECTOR = YES;
				GCC_WARN_UNINITIALIZED_AUTOS = YES_AGGRESSIVE;
				GCC_WARN_UNUSED_FUNCTION = YES;
				GCC_WARN_UNUSED_VARIABLE = YES;
				IPHONEOS_DEPLOYMENT_TARGET = 17.2;
				LOCALIZATION_PREFERS_STRING_CATALOGS = YES;
				MTL_ENABLE_DEBUG_INFO = INCLUDE_SOURCE;
				MTL_FAST_MATH = YES;
				ONLY_ACTIVE_ARCH = YES;
				SDKROOT = iphoneos;
				SWIFT_ACTIVE_COMPILATION_CONDITIONS = "DEBUG $(inherited)";
				SWIFT_OPTIMIZATION_LEVEL = "-Onone";
			};
			name = Debug;
		};
		646F38412B6E6F5E00AFA988 /* Release */ = {
			isa = XCBuildConfiguration;
			buildSettings = {
				ALWAYS_SEARCH_USER_PATHS = NO;
				ASSETCATALOG_COMPILER_GENERATE_SWIFT_ASSET_SYMBOL_EXTENSIONS = YES;
				CLANG_ANALYZER_NONNULL = YES;
				CLANG_ANALYZER_NUMBER_OBJECT_CONVERSION = YES_AGGRESSIVE;
				CLANG_CXX_LANGUAGE_STANDARD = "gnu++20";
				CLANG_ENABLE_MODULES = YES;
				CLANG_ENABLE_OBJC_ARC = YES;
				CLANG_ENABLE_OBJC_WEAK = YES;
				CLANG_WARN_BLOCK_CAPTURE_AUTORELEASING = YES;
				CLANG_WARN_BOOL_CONVERSION = YES;
				CLANG_WARN_COMMA = YES;
				CLANG_WARN_CONSTANT_CONVERSION = YES;
				CLANG_WARN_DEPRECATED_OBJC_IMPLEMENTATIONS = YES;
				CLANG_WARN_DIRECT_OBJC_ISA_USAGE = YES_ERROR;
				CLANG_WARN_DOCUMENTATION_COMMENTS = YES;
				CLANG_WARN_EMPTY_BODY = YES;
				CLANG_WARN_ENUM_CONVERSION = YES;
				CLANG_WARN_INFINITE_RECURSION = YES;
				CLANG_WARN_INT_CONVERSION = YES;
				CLANG_WARN_NON_LITERAL_NULL_CONVERSION = YES;
				CLANG_WARN_OBJC_IMPLICIT_RETAIN_SELF = YES;
				CLANG_WARN_OBJC_LITERAL_CONVERSION = YES;
				CLANG_WARN_OBJC_ROOT_CLASS = YES_ERROR;
				CLANG_WARN_QUOTED_INCLUDE_IN_FRAMEWORK_HEADER = YES;
				CLANG_WARN_RANGE_LOOP_ANALYSIS = YES;
				CLANG_WARN_STRICT_PROTOTYPES = YES;
				CLANG_WARN_SUSPICIOUS_MOVE = YES;
				CLANG_WARN_UNGUARDED_AVAILABILITY = YES_AGGRESSIVE;
				CLANG_WARN_UNREACHABLE_CODE = YES;
				CLANG_WARN__DUPLICATE_METHOD_MATCH = YES;
				COPY_PHASE_STRIP = NO;
				DEBUG_INFORMATION_FORMAT = "dwarf-with-dsym";
				ENABLE_NS_ASSERTIONS = NO;
				ENABLE_STRICT_OBJC_MSGSEND = YES;
				ENABLE_USER_SCRIPT_SANDBOXING = YES;
				GCC_C_LANGUAGE_STANDARD = gnu17;
				GCC_NO_COMMON_BLOCKS = YES;
				GCC_WARN_64_TO_32_BIT_CONVERSION = YES;
				GCC_WARN_ABOUT_RETURN_TYPE = YES_ERROR;
				GCC_WARN_UNDECLARED_SELECTOR = YES;
				GCC_WARN_UNINITIALIZED_AUTOS = YES_AGGRESSIVE;
				GCC_WARN_UNUSED_FUNCTION = YES;
				GCC_WARN_UNUSED_VARIABLE = YES;
				IPHONEOS_DEPLOYMENT_TARGET = 17.2;
				LOCALIZATION_PREFERS_STRING_CATALOGS = YES;
				MTL_ENABLE_DEBUG_INFO = NO;
				MTL_FAST_MATH = YES;
				SDKROOT = iphoneos;
				SWIFT_COMPILATION_MODE = wholemodule;
				VALIDATE_PRODUCT = YES;
			};
			name = Release;
		};
		646F38432B6E6F5E00AFA988 /* Debug */ = {
			isa = XCBuildConfiguration;
			buildSettings = {
				ASSETCATALOG_COMPILER_APPICON_NAME = AppIcon;
				ASSETCATALOG_COMPILER_GLOBAL_ACCENT_COLOR_NAME = AccentColor;
				CODE_SIGN_STYLE = Automatic;
				CURRENT_PROJECT_VERSION = 1;
				DEVELOPMENT_TEAM = 55VY7T8T97;
				GENERATE_INFOPLIST_FILE = YES;
				INFOPLIST_FILE = ArtBookProject/Info.plist;
				INFOPLIST_KEY_UIApplicationSupportsIndirectInputEvents = YES;
				INFOPLIST_KEY_UILaunchStoryboardName = LaunchScreen;
				INFOPLIST_KEY_UIMainStoryboardFile = Main;
				INFOPLIST_KEY_UISupportedInterfaceOrientations_iPad = "UIInterfaceOrientationPortrait UIInterfaceOrientationPortraitUpsideDown UIInterfaceOrientationLandscapeLeft UIInterfaceOrientationLandscapeRight";
				INFOPLIST_KEY_UISupportedInterfaceOrientations_iPhone = "UIInterfaceOrientationPortrait UIInterfaceOrientationLandscapeLeft UIInterfaceOrientationLandscapeRight";
				LD_RUNPATH_SEARCH_PATHS = (
					"$(inherited)",
					"@executable_path/Frameworks",
				);
				MARKETING_VERSION = 1.0;
				PRODUCT_BUNDLE_IDENTIFIER = com.snndmrc.ArtBookProject;
				PRODUCT_NAME = "$(TARGET_NAME)";
				SWIFT_EMIT_LOC_STRINGS = YES;
				SWIFT_VERSION = 5.0;
				TARGETED_DEVICE_FAMILY = "1,2";
			};
			name = Debug;
		};
		646F38442B6E6F5E00AFA988 /* Release */ = {
			isa = XCBuildConfiguration;
			buildSettings = {
				ASSETCATALOG_COMPILER_APPICON_NAME = AppIcon;
				ASSETCATALOG_COMPILER_GLOBAL_ACCENT_COLOR_NAME = AccentColor;
				CODE_SIGN_STYLE = Automatic;
				CURRENT_PROJECT_VERSION = 1;
				DEVELOPMENT_TEAM = 55VY7T8T97;
				GENERATE_INFOPLIST_FILE = YES;
				INFOPLIST_FILE = ArtBookProject/Info.plist;
				INFOPLIST_KEY_UIApplicationSupportsIndirectInputEvents = YES;
				INFOPLIST_KEY_UILaunchStoryboardName = LaunchScreen;
				INFOPLIST_KEY_UIMainStoryboardFile = Main;
				INFOPLIST_KEY_UISupportedInterfaceOrientations_iPad = "UIInterfaceOrientationPortrait UIInterfaceOrientationPortraitUpsideDown UIInterfaceOrientationLandscapeLeft UIInterfaceOrientationLandscapeRight";
				INFOPLIST_KEY_UISupportedInterfaceOrientations_iPhone = "UIInterfaceOrientationPortrait UIInterfaceOrientationLandscapeLeft UIInterfaceOrientationLandscapeRight";
				LD_RUNPATH_SEARCH_PATHS = (
					"$(inherited)",
					"@executable_path/Frameworks",
				);
				MARKETING_VERSION = 1.0;
				PRODUCT_BUNDLE_IDENTIFIER = com.snndmrc.ArtBookProject;
				PRODUCT_NAME = "$(TARGET_NAME)";
				SWIFT_EMIT_LOC_STRINGS = YES;
				SWIFT_VERSION = 5.0;
				TARGETED_DEVICE_FAMILY = "1,2";
			};
			name = Release;
		};
/* End XCBuildConfiguration section */

/* Begin XCConfigurationList section */
		646F38262B6E6F5D00AFA988 /* Build configuration list for PBXProject "ArtBookProject" */ = {
			isa = XCConfigurationList;
			buildConfigurations = (
				646F38402B6E6F5E00AFA988 /* Debug */,
				646F38412B6E6F5E00AFA988 /* Release */,
			);
			defaultConfigurationIsVisible = 0;
			defaultConfigurationName = Release;
		};
		646F38422B6E6F5E00AFA988 /* Build configuration list for PBXNativeTarget "ArtBookProject" */ = {
			isa = XCConfigurationList;
			buildConfigurations = (
				646F38432B6E6F5E00AFA988 /* Debug */,
				646F38442B6E6F5E00AFA988 /* Release */,
			);
			defaultConfigurationIsVisible = 0;
			defaultConfigurationName = Release;
		};
/* End XCConfigurationList section */

/* Begin XCVersionGroup section */
		646F38372B6E6F5D00AFA988 /* ArtBookProject.xcdatamodeld */ = {
			isa = XCVersionGroup;
			children = (
				646F38382B6E6F5D00AFA988 /* ArtBookProject.xcdatamodel */,
			);
			currentVersion = 646F38382B6E6F5D00AFA988 /* ArtBookProject.xcdatamodel */;
			path = ArtBookProject.xcdatamodeld;
			sourceTree = "<group>";
			versionGroupType = wrapper.xcdatamodel;
		};
/* End XCVersionGroup section */
	};
	rootObject = 646F38232B6E6F5D00AFA988 /* Project object */;
}
